
Microsoft Visual Studio Solution File, Format Version 12.00
# Visual Studio Version 17
VisualStudioVersion = 17.3.32922.545
MinimumVisualStudioVersion = 10.0.40219.1
Project("{8BC9CEB8-8B4A-11D0-8D11-00A0C91BC942}") = "CONNECT4", "CONNECT4\CONNECT4.vcxproj", "{E169FB7D-AC60-436E-AAC0-20295D4B9AD2}"
EndProject
Global
	GlobalSection(SolutionConfigurationPlatforms) = preSolution
		Debug|x64 = Debug|x64
		Debug|x86 = Debug|x86
		Release|x64 = Release|x64
		Release|x86 = Release|x86
	EndGlobalSection
	GlobalSection(ProjectConfigurationPlatforms) = postSolution
		{E169FB7D-AC60-436E-AAC0-20295D4B9AD2}.Debug|x64.ActiveCfg = Debug|x64
		{E169FB7D-AC60-436E-AAC0-20295D4B9AD2}.Debug|x64.Build.0 = Debug|x64
		{E169FB7D-AC60-436E-AAC0-20295D4B9AD2}.Debug|x86.ActiveCfg = Debug|Win32
		{E169FB7D-AC60-436E-AAC0-20295D4B9AD2}.Debug|x86.Build.0 = Debug|Win32
		{E169FB7D-AC60-436E-AAC0-20295D4B9AD2}.Release|x64.ActiveCfg = Release|x64
		{E169FB7D-AC60-436E-AAC0-20295D4B9AD2}.Release|x64.Build.0 = Release|x64
		{E169FB7D-AC60-436E-AAC0-20295D4B9AD2}.Release|x86.ActiveCfg = Release|Win32
		{E169FB7D-AC60-436E-AAC0-20295D4B9AD2}.Release|x86.Build.0 = Release|Win32
	EndGlobalSection
	GlobalSection(SolutionProperties) = preSolution
		HideSolutionNode = FALSE
	EndGlobalSection
	GlobalSection(ExtensibilityGlobals) = postSolution
		SolutionGuid = {1D054E29-3A0C-4F68-92D3-F76996822AA8}
	EndGlobalSection
EndGlobal
